
Microsoft Visual Studio Solution File, Format Version 12.00
# Visual Studio Version 16
VisualStudioVersion = 16.0.29001.49
MinimumVisualStudioVersion = 10.0.40219.1
Project("{FAE04EC0-301F-11D3-BF4B-00C04F79EFBC}") = "PPE3-LCA", "PPE3-LCA\PPE3-LCA.csproj", "{984FD06A-B77C-4763-A717-7C71AC08B958}"
EndProject
Global
	GlobalSection(SolutionConfigurationPlatforms) = preSolution
		Debug|Any CPU = Debug|Any CPU
		Release|Any CPU = Release|Any CPU
	EndGlobalSection
	GlobalSection(ProjectConfigurationPlatforms) = postSolution
		{984FD06A-B77C-4763-A717-7C71AC08B958}.Debug|Any CPU.ActiveCfg = Debug|Any CPU
		{984FD06A-B77C-4763-A717-7C71AC08B958}.Debug|Any CPU.Build.0 = Debug|Any CPU
		{984FD06A-B77C-4763-A717-7C71AC08B958}.Release|Any CPU.ActiveCfg = Release|Any CPU
		{984FD06A-B77C-4763-A717-7C71AC08B958}.Release|Any CPU.Build.0 = Release|Any CPU
	EndGlobalSection
	GlobalSection(SolutionProperties) = preSolution
		HideSolutionNode = FALSE
	EndGlobalSection
	GlobalSection(ExtensibilityGlobals) = postSolution
		SolutionGuid = {E37A8C9A-0135-4782-A34D-523A3BF5B525}
	EndGlobalSection
EndGlobal
